{
  "name": "korea-flight-database",
  "lockfileVersion": 2,
  "requires": true,
  "packages": {
    "": {
      "dependencies": {
        "dayjs": "^1.11.6",
        "download-file-sync": "^1.0.4"
      }
    },
    "node_modules/dayjs": {
      "version": "1.11.6",
      "resolved": "https://registry.npmjs.org/dayjs/-/dayjs-1.11.6.tgz",
      "integrity": "sha512-zZbY5giJAinCG+7AGaw0wIhNZ6J8AhWuSXKvuc1KAyMiRsvGQWqh4L+MomvhdAYjN+lqvVCMq1I41e3YHvXkyQ=="
    },
    "node_modules/download-file-sync": {
      "version": "1.0.4",
      "resolved": "https://registry.npmjs.org/download-file-sync/-/download-file-sync-1.0.4.tgz",
      "integrity": "sha512-vH92qNH508jZZA12HQNq/aiMDfagr4JvjFiI17Bi8oYjsxwv5ZVIi7iHkYmUXxOQUr90tcVX+8EPePjAqG1Y0w=="
    }
  },
  "dependencies": {
    "dayjs": {
      "version": "1.11.6",
      "resolved": "https://registry.npmjs.org/dayjs/-/dayjs-1.11.6.tgz",
      "integrity": "sha512-zZbY5giJAinCG+7AGaw0wIhNZ6J8AhWuSXKvuc1KAyMiRsvGQWqh4L+MomvhdAYjN+lqvVCMq1I41e3YHvXkyQ=="
    },
    "download-file-sync": {
      "version": "1.0.4",
      "resolved": "https://registry.npmjs.org/download-file-sync/-/download-file-sync-1.0.4.tgz",
      "integrity": "sha512-vH92qNH508jZZA12HQNq/aiMDfagr4JvjFiI17Bi8oYjsxwv5ZVIi7iHkYmUXxOQUr90tcVX+8EPePjAqG1Y0w=="
    }
  }
}
